
Microsoft Visual Studio Solution File, Format Version 11.00
# Visual Studio 2010
Project("{FAE04EC0-301F-11D3-BF4B-00C04F79EFBC}") = "SystemAsset.WebUI", "SystemAsset.WebUI\SystemAsset.WebUI.csproj", "{58BCC1DF-D677-4435-85D6-F23BC5C41279}"
EndProject
Project("{FAE04EC0-301F-11D3-BF4B-00C04F79EFBC}") = "SystemAsset.WebUI.Tests", "SystemAsset.WebUI.Tests\SystemAsset.WebUI.Tests.csproj", "{ED477BDC-0C54-4F4B-9E5B-A23EE51B1E6B}"
EndProject
Project("{FAE04EC0-301F-11D3-BF4B-00C04F79EFBC}") = "SystemAsset.Domain", "SystemAsset.Domain\SystemAsset.Domain.csproj", "{F7A02DDC-D399-4090-95D2-CE584387F558}"
EndProject
Global
	GlobalSection(SolutionConfigurationPlatforms) = preSolution
		Debug|Any CPU = Debug|Any CPU
		Release|Any CPU = Release|Any CPU
	EndGlobalSection
	GlobalSection(ProjectConfigurationPlatforms) = postSolution
		{58BCC1DF-D677-4435-85D6-F23BC5C41279}.Debug|Any CPU.ActiveCfg = Debug|Any CPU
		{58BCC1DF-D677-4435-85D6-F23BC5C41279}.Debug|Any CPU.Build.0 = Debug|Any CPU
		{58BCC1DF-D677-4435-85D6-F23BC5C41279}.Release|Any CPU.ActiveCfg = Release|Any CPU
		{58BCC1DF-D677-4435-85D6-F23BC5C41279}.Release|Any CPU.Build.0 = Release|Any CPU
		{ED477BDC-0C54-4F4B-9E5B-A23EE51B1E6B}.Debug|Any CPU.ActiveCfg = Debug|Any CPU
		{ED477BDC-0C54-4F4B-9E5B-A23EE51B1E6B}.Debug|Any CPU.Build.0 = Debug|Any CPU
		{ED477BDC-0C54-4F4B-9E5B-A23EE51B1E6B}.Release|Any CPU.ActiveCfg = Release|Any CPU
		{ED477BDC-0C54-4F4B-9E5B-A23EE51B1E6B}.Release|Any CPU.Build.0 = Release|Any CPU
		{F7A02DDC-D399-4090-95D2-CE584387F558}.Debug|Any CPU.ActiveCfg = Debug|Any CPU
		{F7A02DDC-D399-4090-95D2-CE584387F558}.Debug|Any CPU.Build.0 = Debug|Any CPU
		{F7A02DDC-D399-4090-95D2-CE584387F558}.Release|Any CPU.ActiveCfg = Release|Any CPU
		{F7A02DDC-D399-4090-95D2-CE584387F558}.Release|Any CPU.Build.0 = Release|Any CPU
	EndGlobalSection
	GlobalSection(SolutionProperties) = preSolution
		HideSolutionNode = FALSE
	EndGlobalSection
EndGlobal
